{
  "nodes": {
    "nixpkgs": {
      "locked": {
        "lastModified": 1743096415,
        "narHash": "sha256-f1zLF4jPoD0DxOQVH6lmR5hlrZV8o1W3v9abEDsXN+A=",
        "owner": "NixOS",
        "repo": "nixpkgs",
        "rev": "196cce80584ab577e70c32f56376ff0e04552927",
        "type": "github"
      },
      "original": {
        "owner": "NixOS",
        "repo": "nixpkgs",
        "type": "github"
      }
    },
    "root": {
      "inputs": {
        "nixpkgs": "nixpkgs"
      }
    }
  },
  "root": "root",
  "version": 7
}
